
Microsoft Visual Studio Solution File, Format Version 12.00
# Visual Studio Version 16
VisualStudioVersion = 16.0.32407.337
MinimumVisualStudioVersion = 10.0.40219.1
Project("{FAE04EC0-301F-11D3-BF4B-00C04F79EFBC}") = "Day 2", "Day 2.csproj", "{E6E3F329-602E-4BA3-B2B4-7C331F5984AF}"
EndProject
Global
	GlobalSection(SolutionConfigurationPlatforms) = preSolution
		Debug|Any CPU = Debug|Any CPU
		Release|Any CPU = Release|Any CPU
	EndGlobalSection
	GlobalSection(ProjectConfigurationPlatforms) = postSolution
		{E6E3F329-602E-4BA3-B2B4-7C331F5984AF}.Debug|Any CPU.ActiveCfg = Debug|Any CPU
		{E6E3F329-602E-4BA3-B2B4-7C331F5984AF}.Debug|Any CPU.Build.0 = Debug|Any CPU
		{E6E3F329-602E-4BA3-B2B4-7C331F5984AF}.Release|Any CPU.ActiveCfg = Release|Any CPU
		{E6E3F329-602E-4BA3-B2B4-7C331F5984AF}.Release|Any CPU.Build.0 = Release|Any CPU
	EndGlobalSection
	GlobalSection(SolutionProperties) = preSolution
		HideSolutionNode = FALSE
	EndGlobalSection
	GlobalSection(ExtensibilityGlobals) = postSolution
		SolutionGuid = {CF525281-6D46-4071-94D2-AE9A6BDF45A8}
	EndGlobalSection
EndGlobal
